{
    "version": 3,
    "terraform_version": "0.9.8",
    "serial": 0,
    "lineage": "ddf6321f-ed54-4332-a6ae-96fde0ed8175",
    "modules": [
        {
            "path": [
                "root"
            ],
            "outputs": {},
            "resources": {
                "aws_security_group_rule.allow_testing_inbound": {
                    "type": "aws_security_group_rule",
                    "depends_on": [
                        "module.webserver_cluster"
                    ],
                    "primary": {
                        "id": "sgrule-2185088300",
                        "attributes": {
                            "cidr_blocks.#": "1",
                            "cidr_blocks.0": "0.0.0.0/0",
                            "from_port": "12345",
                            "id": "sgrule-2185088300",
                            "protocol": "tcp",
                            "security_group_id": "sg-2ea0c845",
                            "self": "false",
                            "to_port": "12345",
                            "type": "ingress"
                        },
                        "meta": {
                            "schema_version": "2"
                        },
                        "tainted": false
                    },
                    "deposed": [],
                    "provider": ""
                }
            },
            "depends_on": []
        },
        {
            "path": [
                "root",
                "webserver_cluster"
            ],
            "outputs": {
                "asg_name": {
                    "sensitive": false,
                    "type": "string",
                    "value": "tf-asg-00231e672e3a28f9babff407a7"
                },
                "elb_dns_name": {
                    "sensitive": false,
                    "type": "string",
                    "value": "webservers-stage-1468444628.eu-central-1.elb.amazonaws.com"
                },
                "elb_security_group_id": {
                    "sensitive": false,
                    "type": "string",
                    "value": "sg-2ea0c845"
                }
            },
            "resources": {
                "aws_autoscaling_group.webserver": {
                    "type": "aws_autoscaling_group",
                    "depends_on": [
                        "aws_elb.example",
                        "aws_launch_configuration.webserver",
                        "data.aws_availability_zones.all"
                    ],
                    "primary": {
                        "id": "tf-asg-00231e672e3a28f9babff407a7",
                        "attributes": {
                            "arn": "arn:aws:autoscaling:eu-central-1:684672507799:autoScalingGroup:a5e76d73-b8b8-4d3e-96ef-8aa3571df0ba:autoScalingGroupName/tf-asg-00231e672e3a28f9babff407a7",
                            "availability_zones.#": "3",
                            "availability_zones.1126047633": "eu-central-1a",
                            "availability_zones.2903539389": "eu-central-1c",
                            "availability_zones.3658960427": "eu-central-1b",
                            "default_cooldown": "300",
                            "desired_capacity": "2",
                            "force_delete": "false",
                            "health_check_grace_period": "300",
                            "health_check_type": "ELB",
                            "id": "tf-asg-00231e672e3a28f9babff407a7",
                            "launch_configuration": "terraform-00231e672e3a28f9babff407a6",
                            "load_balancers.#": "1",
                            "load_balancers.2727694150": "webservers-stage",
                            "max_size": "2",
                            "metrics_granularity": "1Minute",
                            "min_size": "2",
                            "name": "tf-asg-00231e672e3a28f9babff407a7",
                            "placement_group": "",
                            "protect_from_scale_in": "false",
                            "suspended_processes.#": "0",
                            "tag.#": "1",
                            "tag.2305202985.key": "Name",
                            "tag.2305202985.propagate_at_launch": "true",
                            "tag.2305202985.value": "webservers-stage",
                            "target_group_arns.#": "0",
                            "termination_policies.#": "0",
                            "vpc_zone_identifier.#": "1",
                            "vpc_zone_identifier.0": "",
                            "wait_for_capacity_timeout": "10m"
                        },
                        "meta": {},
                        "tainted": false
                    },
                    "deposed": [],
                    "provider": ""
                },
                "aws_elb.example": {
                    "type": "aws_elb",
                    "depends_on": [
                        "aws_security_group.elb",
                        "data.aws_availability_zones.all"
                    ],
                    "primary": {
                        "id": "webservers-stage",
                        "attributes": {
                            "access_logs.#": "0",
                            "availability_zones.#": "3",
                            "availability_zones.1126047633": "eu-central-1a",
                            "availability_zones.2903539389": "eu-central-1c",
                            "availability_zones.3658960427": "eu-central-1b",
                            "connection_draining": "false",
                            "connection_draining_timeout": "300",
                            "cross_zone_load_balancing": "true",
                            "dns_name": "webservers-stage-1468444628.eu-central-1.elb.amazonaws.com",
                            "health_check.#": "1",
                            "health_check.0.healthy_threshold": "2",
                            "health_check.0.interval": "30",
                            "health_check.0.target": "HTTP:8080/",
                            "health_check.0.timeout": "3",
                            "health_check.0.unhealthy_threshold": "2",
                            "id": "webservers-stage",
                            "idle_timeout": "60",
                            "instances.#": "0",
                            "internal": "false",
                            "listener.#": "1",
                            "listener.3931999347.instance_port": "8080",
                            "listener.3931999347.instance_protocol": "http",
                            "listener.3931999347.lb_port": "80",
                            "listener.3931999347.lb_protocol": "http",
                            "listener.3931999347.ssl_certificate_id": "",
                            "name": "webservers-stage",
                            "security_groups.#": "1",
                            "security_groups.3730798537": "sg-2ea0c845",
                            "source_security_group": "684672507799/webservers-stage-elb",
                            "source_security_group_id": "sg-2ea0c845",
                            "subnets.#": "3",
                            "subnets.2063792553": "subnet-111b1f78",
                            "subnets.2688518817": "subnet-8f623bf4",
                            "subnets.832791827": "subnet-fc8ba7b6",
                            "tags.%": "0",
                            "zone_id": "Z215JYRZR1TBD5"
                        },
                        "meta": {},
                        "tainted": false
                    },
                    "deposed": [],
                    "provider": ""
                },
                "aws_launch_configuration.webserver": {
                    "type": "aws_launch_configuration",
                    "depends_on": [
                        "aws_security_group.instance",
                        "data.template_file.user_data"
                    ],
                    "primary": {
                        "id": "terraform-00231e672e3a28f9babff407a6",
                        "attributes": {
                            "associate_public_ip_address": "false",
                            "ebs_block_device.#": "0",
                            "ebs_optimized": "false",
                            "enable_monitoring": "true",
                            "ephemeral_block_device.#": "0",
                            "iam_instance_profile": "",
                            "id": "terraform-00231e672e3a28f9babff407a6",
                            "image_id": "ami-060cde69",
                            "instance_type": "t2.micro",
                            "key_name": "",
                            "name": "terraform-00231e672e3a28f9babff407a6",
                            "root_block_device.#": "0",
                            "security_groups.#": "1",
                            "security_groups.2360727338": "sg-68a2ca03",
                            "spot_price": "",
                            "user_data": "75cf5535455a844d2ca5eb13f290a5a91eeb13da",
                            "vpc_classic_link_id": "",
                            "vpc_classic_link_security_groups.#": "0"
                        },
                        "meta": {},
                        "tainted": false
                    },
                    "deposed": [],
                    "provider": ""
                },
                "aws_security_group.elb": {
                    "type": "aws_security_group",
                    "depends_on": [],
                    "primary": {
                        "id": "sg-2ea0c845",
                        "attributes": {
                            "description": "Managed by Terraform",
                            "egress.#": "0",
                            "id": "sg-2ea0c845",
                            "ingress.#": "0",
                            "name": "webservers-stage-elb",
                            "owner_id": "684672507799",
                            "tags.%": "0",
                            "vpc_id": "vpc-75ab8c1c"
                        },
                        "meta": {},
                        "tainted": false
                    },
                    "deposed": [],
                    "provider": ""
                },
                "aws_security_group.instance": {
                    "type": "aws_security_group",
                    "depends_on": [],
                    "primary": {
                        "id": "sg-68a2ca03",
                        "attributes": {
                            "description": "Managed by Terraform",
                            "egress.#": "0",
                            "id": "sg-68a2ca03",
                            "ingress.#": "0",
                            "name": "webservers-stage-instance",
                            "owner_id": "684672507799",
                            "tags.%": "0",
                            "vpc_id": "vpc-75ab8c1c"
                        },
                        "meta": {},
                        "tainted": false
                    },
                    "deposed": [],
                    "provider": ""
                },
                "aws_security_group_rule.allow_all_outbound": {
                    "type": "aws_security_group_rule",
                    "depends_on": [
                        "aws_security_group.elb"
                    ],
                    "primary": {
                        "id": "sgrule-355120806",
                        "attributes": {
                            "cidr_blocks.#": "1",
                            "cidr_blocks.0": "0.0.0.0/0",
                            "from_port": "0",
                            "id": "sgrule-355120806",
                            "protocol": "-1",
                            "security_group_id": "sg-2ea0c845",
                            "self": "false",
                            "to_port": "0",
                            "type": "egress"
                        },
                        "meta": {
                            "schema_version": "2"
                        },
                        "tainted": false
                    },
                    "deposed": [],
                    "provider": ""
                },
                "aws_security_group_rule.allow_http_inbound": {
                    "type": "aws_security_group_rule",
                    "depends_on": [
                        "aws_security_group.elb"
                    ],
                    "primary": {
                        "id": "sgrule-3665030664",
                        "attributes": {
                            "cidr_blocks.#": "1",
                            "cidr_blocks.0": "0.0.0.0/0",
                            "from_port": "80",
                            "id": "sgrule-3665030664",
                            "protocol": "tcp",
                            "security_group_id": "sg-2ea0c845",
                            "self": "false",
                            "to_port": "80",
                            "type": "ingress"
                        },
                        "meta": {
                            "schema_version": "2"
                        },
                        "tainted": false
                    },
                    "deposed": [],
                    "provider": ""
                },
                "aws_security_group_rule.allow_server_http_inbound": {
                    "type": "aws_security_group_rule",
                    "depends_on": [
                        "aws_security_group.instance"
                    ],
                    "primary": {
                        "id": "sgrule-4159929421",
                        "attributes": {
                            "cidr_blocks.#": "1",
                            "cidr_blocks.0": "0.0.0.0/0",
                            "from_port": "8080",
                            "id": "sgrule-4159929421",
                            "protocol": "tcp",
                            "security_group_id": "sg-68a2ca03",
                            "self": "false",
                            "to_port": "8080",
                            "type": "ingress"
                        },
                        "meta": {
                            "schema_version": "2"
                        },
                        "tainted": false
                    },
                    "deposed": [],
                    "provider": ""
                },
                "data.aws_availability_zones.all": {
                    "type": "aws_availability_zones",
                    "depends_on": [],
                    "primary": {
                        "id": "2017-06-09 11:09:22.202312104 +0000 UTC",
                        "attributes": {
                            "id": "2017-06-09 11:09:22.202312104 +0000 UTC",
                            "names.#": "3",
                            "names.0": "eu-central-1a",
                            "names.1": "eu-central-1b",
                            "names.2": "eu-central-1c"
                        },
                        "meta": {},
                        "tainted": false
                    },
                    "deposed": [],
                    "provider": ""
                },
                "data.template_file.user_data": {
                    "type": "template_file",
                    "depends_on": [
                        "data.terraform_remote_state.db"
                    ],
                    "primary": {
                        "id": "393449bd1f101a8800c636ae482cfc39736d055144e48845cd9b9c5db8517b64",
                        "attributes": {
                            "id": "393449bd1f101a8800c636ae482cfc39736d055144e48845cd9b9c5db8517b64",
                            "rendered": "#!/bin/bash\n\ncat \u003e index.html \u003c\u003cEOF\n\u003ch1\u003eHello, World\u003c/h1\u003e\n\u003cp\u003eDB address: terraform-0051df8eaf12d1118cd9d2189d.cw9y0m1xwowt.eu-central-1.rds.amazonaws.com\u003c/p\u003e\n\u003cp\u003eDB port: 5432\u003c/p\u003e\nEOF\n\nnohup busybox httpd -f -p \"8080\" \u0026",
                            "template": "#!/bin/bash\n\ncat \u003e index.html \u003c\u003cEOF\n\u003ch1\u003eHello, World\u003c/h1\u003e\n\u003cp\u003eDB address: ${db_address}\u003c/p\u003e\n\u003cp\u003eDB port: ${db_port}\u003c/p\u003e\nEOF\n\nnohup busybox httpd -f -p \"${server_port}\" \u0026",
                            "vars.%": "3",
                            "vars.db_address": "terraform-0051df8eaf12d1118cd9d2189d.cw9y0m1xwowt.eu-central-1.rds.amazonaws.com",
                            "vars.db_port": "5432",
                            "vars.server_port": "8080"
                        },
                        "meta": {},
                        "tainted": false
                    },
                    "deposed": [],
                    "provider": ""
                },
                "data.terraform_remote_state.db": {
                    "type": "terraform_remote_state",
                    "depends_on": [],
                    "primary": {
                        "id": "2017-06-09 11:09:24.094615569 +0000 UTC",
                        "attributes": {
                            "address": "terraform-0051df8eaf12d1118cd9d2189d.cw9y0m1xwowt.eu-central-1.rds.amazonaws.com",
                            "backend": "s3",
                            "config.%": "3",
                            "config.bucket": "my.terraform.example",
                            "config.key": "stage/data-stores/terraform.tfstate",
                            "config.region": "eu-central-1",
                            "environment": "default",
                            "id": "2017-06-09 11:09:24.094615569 +0000 UTC",
                            "port": "5432"
                        },
                        "meta": {},
                        "tainted": false
                    },
                    "deposed": [],
                    "provider": ""
                }
            },
            "depends_on": []
        }
    ]
}
